
Microsoft Visual Studio Solution File, Format Version 12.00
# Visual Studio Version 16
VisualStudioVersion = 16.0.29806.167
MinimumVisualStudioVersion = 10.0.40219.1
Project("{9A19103F-16F7-4668-BE54-9A1E7A4F7556}") = "GirafRest", "GirafRest\GirafRest.csproj", "{78EB1BCB-4963-481F-B05C-E826353ACCFE}"
EndProject
Project("{9A19103F-16F7-4668-BE54-9A1E7A4F7556}") = "Giraf.UnitTest", "Giraf.UnitTest\Giraf.UnitTest.csproj", "{42FEAD29-715B-46BB-A8EE-3594F778CA3C}"
EndProject
Project("{9A19103F-16F7-4668-BE54-9A1E7A4F7556}") = "Giraf.IntegrationTest", "Giraf.IntegrationTest\Giraf.IntegrationTest.csproj", "{892B6E0B-5DDD-406B-BD56-827A5BC6DA61}"
EndProject
Project("{FAE04EC0-301F-11D3-BF4B-00C04F79EFBC}") = "GirafServices", "GirafServices\GirafServices.csproj", "{AF0613C9-E754-4E06-BF87-BC175CA51CD5}"
EndProject
Project("{FAE04EC0-301F-11D3-BF4B-00C04F79EFBC}") = "GirafRepositories", "GirafRepositories\GirafRepositories.csproj", "{8E6F9975-A7F5-4C86-A50F-12F59C244AA1}"
EndProject
Project("{FAE04EC0-301F-11D3-BF4B-00C04F79EFBC}") = "GirafEntities", "GirafEntities\GirafEntities.csproj", "{B46D7E1C-D5C9-493E-A690-7383B2CF871B}"
EndProject
Global
	GlobalSection(SolutionConfigurationPlatforms) = preSolution
		Debug|Any CPU = Debug|Any CPU
		Debug|x64 = Debug|x64
		Debug|x86 = Debug|x86
		Release|Any CPU = Release|Any CPU
		Release|x64 = Release|x64
		Release|x86 = Release|x86
	EndGlobalSection
	GlobalSection(ProjectConfigurationPlatforms) = postSolution
		{78EB1BCB-4963-481F-B05C-E826353ACCFE}.Debug|Any CPU.ActiveCfg = Debug|Any CPU
		{78EB1BCB-4963-481F-B05C-E826353ACCFE}.Debug|Any CPU.Build.0 = Debug|Any CPU
		{78EB1BCB-4963-481F-B05C-E826353ACCFE}.Debug|x64.ActiveCfg = Debug|Any CPU
		{78EB1BCB-4963-481F-B05C-E826353ACCFE}.Debug|x64.Build.0 = Debug|Any CPU
		{78EB1BCB-4963-481F-B05C-E826353ACCFE}.Debug|x86.ActiveCfg = Debug|Any CPU
		{78EB1BCB-4963-481F-B05C-E826353ACCFE}.Debug|x86.Build.0 = Debug|Any CPU
		{78EB1BCB-4963-481F-B05C-E826353ACCFE}.Release|Any CPU.ActiveCfg = Release|Any CPU
		{78EB1BCB-4963-481F-B05C-E826353ACCFE}.Release|Any CPU.Build.0 = Release|Any CPU
		{78EB1BCB-4963-481F-B05C-E826353ACCFE}.Release|x64.ActiveCfg = Release|Any CPU
		{78EB1BCB-4963-481F-B05C-E826353ACCFE}.Release|x64.Build.0 = Release|Any CPU
		{78EB1BCB-4963-481F-B05C-E826353ACCFE}.Release|x86.ActiveCfg = Release|Any CPU
		{78EB1BCB-4963-481F-B05C-E826353ACCFE}.Release|x86.Build.0 = Release|Any CPU
		{42FEAD29-715B-46BB-A8EE-3594F778CA3C}.Debug|Any CPU.ActiveCfg = Debug|Any CPU
		{42FEAD29-715B-46BB-A8EE-3594F778CA3C}.Debug|Any CPU.Build.0 = Debug|Any CPU
		{42FEAD29-715B-46BB-A8EE-3594F778CA3C}.Debug|x64.ActiveCfg = Debug|Any CPU
		{42FEAD29-715B-46BB-A8EE-3594F778CA3C}.Debug|x64.Build.0 = Debug|Any CPU
		{42FEAD29-715B-46BB-A8EE-3594F778CA3C}.Debug|x86.ActiveCfg = Debug|Any CPU
		{42FEAD29-715B-46BB-A8EE-3594F778CA3C}.Debug|x86.Build.0 = Debug|Any CPU
		{42FEAD29-715B-46BB-A8EE-3594F778CA3C}.Release|Any CPU.ActiveCfg = Release|Any CPU
		{42FEAD29-715B-46BB-A8EE-3594F778CA3C}.Release|Any CPU.Build.0 = Release|Any CPU
		{42FEAD29-715B-46BB-A8EE-3594F778CA3C}.Release|x64.ActiveCfg = Release|Any CPU
		{42FEAD29-715B-46BB-A8EE-3594F778CA3C}.Release|x64.Build.0 = Release|Any CPU
		{42FEAD29-715B-46BB-A8EE-3594F778CA3C}.Release|x86.ActiveCfg = Release|Any CPU
		{42FEAD29-715B-46BB-A8EE-3594F778CA3C}.Release|x86.Build.0 = Release|Any CPU
		{892B6E0B-5DDD-406B-BD56-827A5BC6DA61}.Debug|Any CPU.ActiveCfg = Debug|Any CPU
		{892B6E0B-5DDD-406B-BD56-827A5BC6DA61}.Debug|Any CPU.Build.0 = Debug|Any CPU
		{892B6E0B-5DDD-406B-BD56-827A5BC6DA61}.Debug|x64.ActiveCfg = Debug|Any CPU
		{892B6E0B-5DDD-406B-BD56-827A5BC6DA61}.Debug|x64.Build.0 = Debug|Any CPU
		{892B6E0B-5DDD-406B-BD56-827A5BC6DA61}.Debug|x86.ActiveCfg = Debug|Any CPU
		{892B6E0B-5DDD-406B-BD56-827A5BC6DA61}.Debug|x86.Build.0 = Debug|Any CPU
		{892B6E0B-5DDD-406B-BD56-827A5BC6DA61}.Release|Any CPU.ActiveCfg = Release|Any CPU
		{892B6E0B-5DDD-406B-BD56-827A5BC6DA61}.Release|Any CPU.Build.0 = Release|Any CPU
		{892B6E0B-5DDD-406B-BD56-827A5BC6DA61}.Release|x64.ActiveCfg = Release|Any CPU
		{892B6E0B-5DDD-406B-BD56-827A5BC6DA61}.Release|x64.Build.0 = Release|Any CPU
		{892B6E0B-5DDD-406B-BD56-827A5BC6DA61}.Release|x86.ActiveCfg = Release|Any CPU
		{892B6E0B-5DDD-406B-BD56-827A5BC6DA61}.Release|x86.Build.0 = Release|Any CPU
		{AF0613C9-E754-4E06-BF87-BC175CA51CD5}.Debug|Any CPU.ActiveCfg = Debug|Any CPU
		{AF0613C9-E754-4E06-BF87-BC175CA51CD5}.Debug|Any CPU.Build.0 = Debug|Any CPU
		{AF0613C9-E754-4E06-BF87-BC175CA51CD5}.Debug|x64.ActiveCfg = Debug|Any CPU
		{AF0613C9-E754-4E06-BF87-BC175CA51CD5}.Debug|x64.Build.0 = Debug|Any CPU
		{AF0613C9-E754-4E06-BF87-BC175CA51CD5}.Debug|x86.ActiveCfg = Debug|Any CPU
		{AF0613C9-E754-4E06-BF87-BC175CA51CD5}.Debug|x86.Build.0 = Debug|Any CPU
		{AF0613C9-E754-4E06-BF87-BC175CA51CD5}.Release|Any CPU.ActiveCfg = Release|Any CPU
		{AF0613C9-E754-4E06-BF87-BC175CA51CD5}.Release|Any CPU.Build.0 = Release|Any CPU
		{AF0613C9-E754-4E06-BF87-BC175CA51CD5}.Release|x64.ActiveCfg = Release|Any CPU
		{AF0613C9-E754-4E06-BF87-BC175CA51CD5}.Release|x64.Build.0 = Release|Any CPU
		{AF0613C9-E754-4E06-BF87-BC175CA51CD5}.Release|x86.ActiveCfg = Release|Any CPU
		{AF0613C9-E754-4E06-BF87-BC175CA51CD5}.Release|x86.Build.0 = Release|Any CPU
		{8E6F9975-A7F5-4C86-A50F-12F59C244AA1}.Debug|Any CPU.ActiveCfg = Debug|Any CPU
		{8E6F9975-A7F5-4C86-A50F-12F59C244AA1}.Debug|Any CPU.Build.0 = Debug|Any CPU
		{8E6F9975-A7F5-4C86-A50F-12F59C244AA1}.Debug|x64.ActiveCfg = Debug|Any CPU
		{8E6F9975-A7F5-4C86-A50F-12F59C244AA1}.Debug|x64.Build.0 = Debug|Any CPU
		{8E6F9975-A7F5-4C86-A50F-12F59C244AA1}.Debug|x86.ActiveCfg = Debug|Any CPU
		{8E6F9975-A7F5-4C86-A50F-12F59C244AA1}.Debug|x86.Build.0 = Debug|Any CPU
		{8E6F9975-A7F5-4C86-A50F-12F59C244AA1}.Release|Any CPU.ActiveCfg = Release|Any CPU
		{8E6F9975-A7F5-4C86-A50F-12F59C244AA1}.Release|Any CPU.Build.0 = Release|Any CPU
		{8E6F9975-A7F5-4C86-A50F-12F59C244AA1}.Release|x64.ActiveCfg = Release|Any CPU
		{8E6F9975-A7F5-4C86-A50F-12F59C244AA1}.Release|x64.Build.0 = Release|Any CPU
		{8E6F9975-A7F5-4C86-A50F-12F59C244AA1}.Release|x86.ActiveCfg = Release|Any CPU
		{8E6F9975-A7F5-4C86-A50F-12F59C244AA1}.Release|x86.Build.0 = Release|Any CPU
		{B46D7E1C-D5C9-493E-A690-7383B2CF871B}.Debug|Any CPU.ActiveCfg = Debug|Any CPU
		{B46D7E1C-D5C9-493E-A690-7383B2CF871B}.Debug|Any CPU.Build.0 = Debug|Any CPU
		{B46D7E1C-D5C9-493E-A690-7383B2CF871B}.Debug|x64.ActiveCfg = Debug|Any CPU
		{B46D7E1C-D5C9-493E-A690-7383B2CF871B}.Debug|x64.Build.0 = Debug|Any CPU
		{B46D7E1C-D5C9-493E-A690-7383B2CF871B}.Debug|x86.ActiveCfg = Debug|Any CPU
		{B46D7E1C-D5C9-493E-A690-7383B2CF871B}.Debug|x86.Build.0 = Debug|Any CPU
		{B46D7E1C-D5C9-493E-A690-7383B2CF871B}.Release|Any CPU.ActiveCfg = Release|Any CPU
		{B46D7E1C-D5C9-493E-A690-7383B2CF871B}.Release|Any CPU.Build.0 = Release|Any CPU
		{B46D7E1C-D5C9-493E-A690-7383B2CF871B}.Release|x64.ActiveCfg = Release|Any CPU
		{B46D7E1C-D5C9-493E-A690-7383B2CF871B}.Release|x64.Build.0 = Release|Any CPU
		{B46D7E1C-D5C9-493E-A690-7383B2CF871B}.Release|x86.ActiveCfg = Release|Any CPU
		{B46D7E1C-D5C9-493E-A690-7383B2CF871B}.Release|x86.Build.0 = Release|Any CPU
	EndGlobalSection
	GlobalSection(SolutionProperties) = preSolution
		HideSolutionNode = FALSE
	EndGlobalSection
	GlobalSection(ExtensibilityGlobals) = postSolution
		SolutionGuid = {324667DD-49C0-4327-8359-04B613225C80}
	EndGlobalSection
EndGlobal
