
Microsoft Visual Studio Solution File, Format Version 12.00
# Visual Studio 15
VisualStudioVersion = 15.0.26228.12
MinimumVisualStudioVersion = 10.0.40219.1
Project("{9A19103F-16F7-4668-BE54-9A1E7A4F7556}") = "GirafRest.Test", "GirafRest.Test.csproj", "{836108E8-C2BD-4B02-B237-CAB89AAB17A9}"
EndProject
Project("{FAE04EC0-301F-11D3-BF4B-00C04F79EFBC}") = "GirafRest", "..\GirafRest\GirafRest.csproj", "{712D4A2E-E468-4575-8310-A2A2F1F7FDC3}"
EndProject
Global
	GlobalSection(SolutionConfigurationPlatforms) = preSolution
		Debug|Any CPU = Debug|Any CPU
		Debug|x64 = Debug|x64
		Debug|x86 = Debug|x86
		Release|Any CPU = Release|Any CPU
		Release|x64 = Release|x64
		Release|x86 = Release|x86
	EndGlobalSection
	GlobalSection(ProjectConfigurationPlatforms) = postSolution
		{836108E8-C2BD-4B02-B237-CAB89AAB17A9}.Debug|Any CPU.ActiveCfg = Debug|Any CPU
		{836108E8-C2BD-4B02-B237-CAB89AAB17A9}.Debug|Any CPU.Build.0 = Debug|Any CPU
		{836108E8-C2BD-4B02-B237-CAB89AAB17A9}.Debug|x64.ActiveCfg = Debug|Any CPU
		{836108E8-C2BD-4B02-B237-CAB89AAB17A9}.Debug|x64.Build.0 = Debug|Any CPU
		{836108E8-C2BD-4B02-B237-CAB89AAB17A9}.Debug|x86.ActiveCfg = Debug|Any CPU
		{836108E8-C2BD-4B02-B237-CAB89AAB17A9}.Debug|x86.Build.0 = Debug|Any CPU
		{836108E8-C2BD-4B02-B237-CAB89AAB17A9}.Release|Any CPU.ActiveCfg = Release|Any CPU
		{836108E8-C2BD-4B02-B237-CAB89AAB17A9}.Release|Any CPU.Build.0 = Release|Any CPU
		{836108E8-C2BD-4B02-B237-CAB89AAB17A9}.Release|x64.ActiveCfg = Release|Any CPU
		{836108E8-C2BD-4B02-B237-CAB89AAB17A9}.Release|x64.Build.0 = Release|Any CPU
		{836108E8-C2BD-4B02-B237-CAB89AAB17A9}.Release|x86.ActiveCfg = Release|Any CPU
		{836108E8-C2BD-4B02-B237-CAB89AAB17A9}.Release|x86.Build.0 = Release|Any CPU
		{712D4A2E-E468-4575-8310-A2A2F1F7FDC3}.Debug|Any CPU.ActiveCfg = Debug|Any CPU
		{712D4A2E-E468-4575-8310-A2A2F1F7FDC3}.Debug|Any CPU.Build.0 = Debug|Any CPU
		{712D4A2E-E468-4575-8310-A2A2F1F7FDC3}.Debug|x64.ActiveCfg = Debug|Any CPU
		{712D4A2E-E468-4575-8310-A2A2F1F7FDC3}.Debug|x64.Build.0 = Debug|Any CPU
		{712D4A2E-E468-4575-8310-A2A2F1F7FDC3}.Debug|x86.ActiveCfg = Debug|Any CPU
		{712D4A2E-E468-4575-8310-A2A2F1F7FDC3}.Debug|x86.Build.0 = Debug|Any CPU
		{712D4A2E-E468-4575-8310-A2A2F1F7FDC3}.Release|Any CPU.ActiveCfg = Release|Any CPU
		{712D4A2E-E468-4575-8310-A2A2F1F7FDC3}.Release|Any CPU.Build.0 = Release|Any CPU
		{712D4A2E-E468-4575-8310-A2A2F1F7FDC3}.Release|x64.ActiveCfg = Release|Any CPU
		{712D4A2E-E468-4575-8310-A2A2F1F7FDC3}.Release|x64.Build.0 = Release|Any CPU
		{712D4A2E-E468-4575-8310-A2A2F1F7FDC3}.Release|x86.ActiveCfg = Release|Any CPU
		{712D4A2E-E468-4575-8310-A2A2F1F7FDC3}.Release|x86.Build.0 = Release|Any CPU
	EndGlobalSection
	GlobalSection(SolutionProperties) = preSolution
		HideSolutionNode = FALSE
	EndGlobalSection
EndGlobal
